// !$*UTF8*$!
{
	archiveVersion = 1;
	classes = {
	};
	objectVersion = 50;
	objects = {

/* Begin PBXBuildFile section */
		840FD99026075BE20057169B /* Bullet.swift in Sources */ = {isa = PBXBuildFile; fileRef = 840FD98F26075BE20057169B /* Bullet.swift */; };
		8410668225F39145000E7B01 /* AppDelegate.swift in Sources */ = {isa = PBXBuildFile; fileRef = 8410668125F39145000E7B01 /* AppDelegate.swift */; };
		8410668425F39145000E7B01 /* ViewController.swift in Sources */ = {isa = PBXBuildFile; fileRef = 8410668325F39145000E7B01 /* ViewController.swift */; };
		8410668725F39145000E7B01 /* Main.storyboard in Resources */ = {isa = PBXBuildFile; fileRef = 8410668525F39145000E7B01 /* Main.storyboard */; };
		8410668925F39147000E7B01 /* Assets.xcassets in Resources */ = {isa = PBXBuildFile; fileRef = 8410668825F39147000E7B01 /* Assets.xcassets */; };
		8410668C25F39147000E7B01 /* LaunchScreen.storyboard in Resources */ = {isa = PBXBuildFile; fileRef = 8410668A25F39147000E7B01 /* LaunchScreen.storyboard */; };
		844703B225F5FE5E007EFD9E /* InGameViewController.swift in Sources */ = {isa = PBXBuildFile; fileRef = 844703B025F5FE5E007EFD9E /* InGameViewController.swift */; };
		844703B325F5FE5E007EFD9E /* InGameViewController.xib in Resources */ = {isa = PBXBuildFile; fileRef = 844703B125F5FE5E007EFD9E /* InGameViewController.xib */; };
		84585D8425FDEE8700A8A151 /* Player.swift in Sources */ = {isa = PBXBuildFile; fileRef = 84585D8325FDEE8700A8A151 /* Player.swift */; };
		84DDE4DF2609A69800B08B4A /* Asteroid.swift in Sources */ = {isa = PBXBuildFile; fileRef = 84DDE4DE2609A69800B08B4A /* Asteroid.swift */; };
/* End PBXBuildFile section */

/* Begin PBXFileReference section */
		840FD98F26075BE20057169B /* Bullet.swift */ = {isa = PBXFileReference; lastKnownFileType = sourcecode.swift; path = Bullet.swift; sourceTree = "<group>"; };
		8410667E25F39145000E7B01 /* SpaceInvaders.app */ = {isa = PBXFileReference; explicitFileType = wrapper.application; includeInIndex = 0; path = SpaceInvaders.app; sourceTree = BUILT_PRODUCTS_DIR; };
		8410668125F39145000E7B01 /* AppDelegate.swift */ = {isa = PBXFileReference; lastKnownFileType = sourcecode.swift; path = AppDelegate.swift; sourceTree = "<group>"; };
		8410668325F39145000E7B01 /* ViewController.swift */ = {isa = PBXFileReference; lastKnownFileType = sourcecode.swift; path = ViewController.swift; sourceTree = "<group>"; };
		8410668625F39145000E7B01 /* Base */ = {isa = PBXFileReference; lastKnownFileType = file.storyboard; name = Base; path = Base.lproj/Main.storyboard; sourceTree = "<group>"; };
		8410668825F39147000E7B01 /* Assets.xcassets */ = {isa = PBXFileReference; lastKnownFileType = folder.assetcatalog; path = Assets.xcassets; sourceTree = "<group>"; };
		8410668B25F39147000E7B01 /* Base */ = {isa = PBXFileReference; lastKnownFileType = file.storyboard; name = Base; path = Base.lproj/LaunchScreen.storyboard; sourceTree = "<group>"; };
		8410668D25F39147000E7B01 /* Info.plist */ = {isa = PBXFileReference; lastKnownFileType = text.plist.xml; path = Info.plist; sourceTree = "<group>"; };
		844703B025F5FE5E007EFD9E /* InGameViewController.swift */ = {isa = PBXFileReference; lastKnownFileType = sourcecode.swift; path = InGameViewController.swift; sourceTree = "<group>"; };
		844703B125F5FE5E007EFD9E /* InGameViewController.xib */ = {isa = PBXFileReference; lastKnownFileType = file.xib; path = InGameViewController.xib; sourceTree = "<group>"; };
		84585D8325FDEE8700A8A151 /* Player.swift */ = {isa = PBXFileReference; lastKnownFileType = sourcecode.swift; path = Player.swift; sourceTree = "<group>"; };
		84DDE4DE2609A69800B08B4A /* Asteroid.swift */ = {isa = PBXFileReference; lastKnownFileType = sourcecode.swift; path = Asteroid.swift; sourceTree = "<group>"; };
/* End PBXFileReference section */

/* Begin PBXFrameworksBuildPhase section */
		8410667B25F39145000E7B01 /* Frameworks */ = {
			isa = PBXFrameworksBuildPhase;
			buildActionMask = 2147483647;
			files = (
			);
			runOnlyForDeploymentPostprocessing = 0;
		};
/* End PBXFrameworksBuildPhase section */

/* Begin PBXGroup section */
		8410667525F39145000E7B01 = {
			isa = PBXGroup;
			children = (
				8410668025F39145000E7B01 /* SpaceInvaders */,
				8410667F25F39145000E7B01 /* Products */,
			);
			sourceTree = "<group>";
		};
		8410667F25F39145000E7B01 /* Products */ = {
			isa = PBXGroup;
			children = (
				8410667E25F39145000E7B01 /* SpaceInvaders.app */,
			);
			name = Products;
			sourceTree = "<group>";
		};
		8410668025F39145000E7B01 /* SpaceInvaders */ = {
			isa = PBXGroup;
			children = (
				8410668125F39145000E7B01 /* AppDelegate.swift */,
				8410668325F39145000E7B01 /* ViewController.swift */,
				8410668525F39145000E7B01 /* Main.storyboard */,
				8410668825F39147000E7B01 /* Assets.xcassets */,
				8410668A25F39147000E7B01 /* LaunchScreen.storyboard */,
				8410668D25F39147000E7B01 /* Info.plist */,
				844703B025F5FE5E007EFD9E /* InGameViewController.swift */,
				844703B125F5FE5E007EFD9E /* InGameViewController.xib */,
				84585D8325FDEE8700A8A151 /* Player.swift */,
				840FD98F26075BE20057169B /* Bullet.swift */,
				84DDE4DE2609A69800B08B4A /* Asteroid.swift */,
			);
			path = SpaceInvaders;
			sourceTree = "<group>";
		};
/* End PBXGroup section */

/* Begin PBXNativeTarget section */
		8410667D25F39145000E7B01 /* SpaceInvaders */ = {
			isa = PBXNativeTarget;
			buildConfigurationList = 8410669025F39147000E7B01 /* Build configuration list for PBXNativeTarget "SpaceInvaders" */;
			buildPhases = (
				8410667A25F39145000E7B01 /* Sources */,
				8410667B25F39145000E7B01 /* Frameworks */,
				8410667C25F39145000E7B01 /* Resources */,
			);
			buildRules = (
			);
			dependencies = (
			);
			name = SpaceInvaders;
			productName = SpaceInvaders;
			productReference = 8410667E25F39145000E7B01 /* SpaceInvaders.app */;
			productType = "com.apple.product-type.application";
		};
/* End PBXNativeTarget section */

/* Begin PBXProject section */
		8410667625F39145000E7B01 /* Project object */ = {
			isa = PBXProject;
			attributes = {
				LastSwiftUpdateCheck = 1000;
				LastUpgradeCheck = 1000;
				ORGANIZATIONNAME = Admin;
				TargetAttributes = {
					8410667D25F39145000E7B01 = {
						CreatedOnToolsVersion = 10.0;
					};
				};
			};
			buildConfigurationList = 8410667925F39145000E7B01 /* Build configuration list for PBXProject "SpaceInvaders" */;
			compatibilityVersion = "Xcode 9.3";
			developmentRegion = en;
			hasScannedForEncodings = 0;
			knownRegions = (
				en,
				Base,
			);
			mainGroup = 8410667525F39145000E7B01;
			productRefGroup = 8410667F25F39145000E7B01 /* Products */;
			projectDirPath = "";
			projectRoot = "";
			targets = (
				8410667D25F39145000E7B01 /* SpaceInvaders */,
			);
		};
/* End PBXProject section */

/* Begin PBXResourcesBuildPhase section */
		8410667C25F39145000E7B01 /* Resources */ = {
			isa = PBXResourcesBuildPhase;
			buildActionMask = 2147483647;
			files = (
				8410668C25F39147000E7B01 /* LaunchScreen.storyboard in Resources */,
				844703B325F5FE5E007EFD9E /* InGameViewController.xib in Resources */,
				8410668925F39147000E7B01 /* Assets.xcassets in Resources */,
				8410668725F39145000E7B01 /* Main.storyboard in Resources */,
			);
			runOnlyForDeploymentPostprocessing = 0;
		};
/* End PBXResourcesBuildPhase section */

/* Begin PBXSourcesBuildPhase section */
		8410667A25F39145000E7B01 /* Sources */ = {
			isa = PBXSourcesBuildPhase;
			buildActionMask = 2147483647;
			files = (
				84585D8425FDEE8700A8A151 /* Player.swift in Sources */,
				844703B225F5FE5E007EFD9E /* InGameViewController.swift in Sources */,
				840FD99026075BE20057169B /* Bullet.swift in Sources */,
				8410668425F39145000E7B01 /* ViewController.swift in Sources */,
				84DDE4DF2609A69800B08B4A /* Asteroid.swift in Sources */,
				8410668225F39145000E7B01 /* AppDelegate.swift in Sources */,
			);
			runOnlyForDeploymentPostprocessing = 0;
		};
/* End PBXSourcesBuildPhase section */

/* Begin PBXVariantGroup section */
		8410668525F39145000E7B01 /* Main.storyboard */ = {
			isa = PBXVariantGroup;
			children = (
				8410668625F39145000E7B01 /* Base */,
			);
			name = Main.storyboard;
			sourceTree = "<group>";
		};
		8410668A25F39147000E7B01 /* LaunchScreen.storyboard */ = {
			isa = PBXVariantGroup;
			children = (
				8410668B25F39147000E7B01 /* Base */,
			);
			name = LaunchScreen.storyboard;
			sourceTree = "<group>";
		};
/* End PBXVariantGroup section */

/* Begin XCBuildConfiguration section */
		8410668E25F39147000E7B01 /* Debug */ = {
			isa = XCBuildConfiguration;
			buildSettings = {
				ALWAYS_SEARCH_USER_PATHS = NO;
				CLANG_ANALYZER_NONNULL = YES;
				CLANG_ANALYZER_NUMBER_OBJECT_CONVERSION = YES_AGGRESSIVE;
				CLANG_CXX_LANGUAGE_STANDARD = "gnu++14";
				CLANG_CXX_LIBRARY = "libc++";
				CLANG_ENABLE_MODULES = YES;
				CLANG_ENABLE_OBJC_ARC = YES;
				CLANG_ENABLE_OBJC_WEAK = YES;
				CLANG_WARN_BLOCK_CAPTURE_AUTORELEASING = YES;
				CLANG_WARN_BOOL_CONVERSION = YES;
				CLANG_WARN_COMMA = YES;
				CLANG_WARN_CONSTANT_CONVERSION = YES;
				CLANG_WARN_DEPRECATED_OBJC_IMPLEMENTATIONS = YES;
				CLANG_WARN_DIRECT_OBJC_ISA_USAGE = YES_ERROR;
				CLANG_WARN_DOCUMENTATION_COMMENTS = YES;
				CLANG_WARN_EMPTY_BODY = YES;
				CLANG_WARN_ENUM_CONVERSION = YES;
				CLANG_WARN_INFINITE_RECURSION = YES;
				CLANG_WARN_INT_CONVERSION = YES;
				CLANG_WARN_NON_LITERAL_NULL_CONVERSION = YES;
				CLANG_WARN_OBJC_IMPLICIT_RETAIN_SELF = YES;
				CLANG_WARN_OBJC_LITERAL_CONVERSION = YES;
				CLANG_WARN_OBJC_ROOT_CLASS = YES_ERROR;
				CLANG_WARN_RANGE_LOOP_ANALYSIS = YES;
				CLANG_WARN_STRICT_PROTOTYPES = YES;
				CLANG_WARN_SUSPICIOUS_MOVE = YES;
				CLANG_WARN_UNGUARDED_AVAILABILITY = YES_AGGRESSIVE;
				CLANG_WARN_UNREACHABLE_CODE = YES;
				CLANG_WARN__DUPLICATE_METHOD_MATCH = YES;
				CODE_SIGN_IDENTITY = "iPhone Developer";
				COPY_PHASE_STRIP = NO;
				DEBUG_INFORMATION_FORMAT = dwarf;
				ENABLE_STRICT_OBJC_MSGSEND = YES;
				ENABLE_TESTABILITY = YES;
				GCC_C_LANGUAGE_STANDARD = gnu11;
				GCC_DYNAMIC_NO_PIC = NO;
				GCC_NO_COMMON_BLOCKS = YES;
				GCC_OPTIMIZATION_LEVEL = 0;
				GCC_PREPROCESSOR_DEFINITIONS = (
					"DEBUG=1",
					"$(inherited)",
				);
				GCC_WARN_64_TO_32_BIT_CONVERSION = YES;
				GCC_WARN_ABOUT_RETURN_TYPE = YES_ERROR;
				GCC_WARN_UNDECLARED_SELECTOR = YES;
				GCC_WARN_UNINITIALIZED_AUTOS = YES_AGGRESSIVE;
				GCC_WARN_UNUSED_FUNCTION = YES;
				GCC_WARN_UNUSED_VARIABLE = YES;
				IPHONEOS_DEPLOYMENT_TARGET = 12.0;
				MTL_ENABLE_DEBUG_INFO = INCLUDE_SOURCE;
				MTL_FAST_MATH = YES;
				ONLY_ACTIVE_ARCH = YES;
				SDKROOT = iphoneos;
				SWIFT_ACTIVE_COMPILATION_CONDITIONS = DEBUG;
				SWIFT_OPTIMIZATION_LEVEL = "-Onone";
			};
			name = Debug;
		};
		8410668F25F39147000E7B01 /* Release */ = {
			isa = XCBuildConfiguration;
			buildSettings = {
				ALWAYS_SEARCH_USER_PATHS = NO;
				CLANG_ANALYZER_NONNULL = YES;
				CLANG_ANALYZER_NUMBER_OBJECT_CONVERSION = YES_AGGRESSIVE;
				CLANG_CXX_LANGUAGE_STANDARD = "gnu++14";
				CLANG_CXX_LIBRARY = "libc++";
				CLANG_ENABLE_MODULES = YES;
				CLANG_ENABLE_OBJC_ARC = YES;
				CLANG_ENABLE_OBJC_WEAK = YES;
				CLANG_WARN_BLOCK_CAPTURE_AUTORELEASING = YES;
				CLANG_WARN_BOOL_CONVERSION = YES;
				CLANG_WARN_COMMA = YES;
				CLANG_WARN_CONSTANT_CONVERSION = YES;
				CLANG_WARN_DEPRECATED_OBJC_IMPLEMENTATIONS = YES;
				CLANG_WARN_DIRECT_OBJC_ISA_USAGE = YES_ERROR;
				CLANG_WARN_DOCUMENTATION_COMMENTS = YES;
				CLANG_WARN_EMPTY_BODY = YES;
				CLANG_WARN_ENUM_CONVERSION = YES;
				CLANG_WARN_INFINITE_RECURSION = YES;
				CLANG_WARN_INT_CONVERSION = YES;
				CLANG_WARN_NON_LITERAL_NULL_CONVERSION = YES;
				CLANG_WARN_OBJC_IMPLICIT_RETAIN_SELF = YES;
				CLANG_WARN_OBJC_LITERAL_CONVERSION = YES;
				CLANG_WARN_OBJC_ROOT_CLASS = YES_ERROR;
				CLANG_WARN_RANGE_LOOP_ANALYSIS = YES;
				CLANG_WARN_STRICT_PROTOTYPES = YES;
				CLANG_WARN_SUSPICIOUS_MOVE = YES;
				CLANG_WARN_UNGUARDED_AVAILABILITY = YES_AGGRESSIVE;
				CLANG_WARN_UNREACHABLE_CODE = YES;
				CLANG_WARN__DUPLICATE_METHOD_MATCH = YES;
				CODE_SIGN_IDENTITY = "iPhone Developer";
				COPY_PHASE_STRIP = NO;
				DEBUG_INFORMATION_FORMAT = "dwarf-with-dsym";
				ENABLE_NS_ASSERTIONS = NO;
				ENABLE_STRICT_OBJC_MSGSEND = YES;
				GCC_C_LANGUAGE_STANDARD = gnu11;
				GCC_NO_COMMON_BLOCKS = YES;
				GCC_WARN_64_TO_32_BIT_CONVERSION = YES;
				GCC_WARN_ABOUT_RETURN_TYPE = YES_ERROR;
				GCC_WARN_UNDECLARED_SELECTOR = YES;
				GCC_WARN_UNINITIALIZED_AUTOS = YES_AGGRESSIVE;
				GCC_WARN_UNUSED_FUNCTION = YES;
				GCC_WARN_UNUSED_VARIABLE = YES;
				IPHONEOS_DEPLOYMENT_TARGET = 12.0;
				MTL_ENABLE_DEBUG_INFO = NO;
				MTL_FAST_MATH = YES;
				SDKROOT = iphoneos;
				SWIFT_COMPILATION_MODE = wholemodule;
				SWIFT_OPTIMIZATION_LEVEL = "-O";
				VALIDATE_PRODUCT = YES;
			};
			name = Release;
		};
		8410669125F39147000E7B01 /* Debug */ = {
			isa = XCBuildConfiguration;
			buildSettings = {
				ASSETCATALOG_COMPILER_APPICON_NAME = AppIcon;
				CODE_SIGN_STYLE = Automatic;
				DEVELOPMENT_TEAM = 9TCB8HTJHR;
				INFOPLIST_FILE = SpaceInvaders/Info.plist;
				LD_RUNPATH_SEARCH_PATHS = (
					"$(inherited)",
					"@executable_path/Frameworks",
				);
				PRODUCT_BUNDLE_IDENTIFIER = tsu.SpaceInvaders.Volkov;
				PRODUCT_NAME = "$(TARGET_NAME)";
				SWIFT_VERSION = 4.2;
				TARGETED_DEVICE_FAMILY = "1,2";
			};
			name = Debug;
		};
		8410669225F39147000E7B01 /* Release */ = {
			isa = XCBuildConfiguration;
			buildSettings = {
				ASSETCATALOG_COMPILER_APPICON_NAME = AppIcon;
				CODE_SIGN_STYLE = Automatic;
				DEVELOPMENT_TEAM = 9TCB8HTJHR;
				INFOPLIST_FILE = SpaceInvaders/Info.plist;
				LD_RUNPATH_SEARCH_PATHS = (
					"$(inherited)",
					"@executable_path/Frameworks",
				);
				PRODUCT_BUNDLE_IDENTIFIER = tsu.SpaceInvaders.Volkov;
				PRODUCT_NAME = "$(TARGET_NAME)";
				SWIFT_VERSION = 4.2;
				TARGETED_DEVICE_FAMILY = "1,2";
			};
			name = Release;
		};
/* End XCBuildConfiguration section */

/* Begin XCConfigurationList section */
		8410667925F39145000E7B01 /* Build configuration list for PBXProject "SpaceInvaders" */ = {
			isa = XCConfigurationList;
			buildConfigurations = (
				8410668E25F39147000E7B01 /* Debug */,
				8410668F25F39147000E7B01 /* Release */,
			);
			defaultConfigurationIsVisible = 0;
			defaultConfigurationName = Release;
		};
		8410669025F39147000E7B01 /* Build configuration list for PBXNativeTarget "SpaceInvaders" */ = {
			isa = XCConfigurationList;
			buildConfigurations = (
				8410669125F39147000E7B01 /* Debug */,
				8410669225F39147000E7B01 /* Release */,
			);
			defaultConfigurationIsVisible = 0;
			defaultConfigurationName = Release;
		};
/* End XCConfigurationList section */
	};
	rootObject = 8410667625F39145000E7B01 /* Project object */;
}
